
Microsoft Visual Studio Solution File, Format Version 12.00
# Visual Studio Version 17
VisualStudioVersion = 17.13.35913.81 d17.13
MinimumVisualStudioVersion = 10.0.40219.1
Project("{FAE04EC0-301F-11D3-BF4B-00C04F79EFBC}") = "TeeTimeManager", "TeeTimeManager\TeeTimeManager.csproj", "{3E54A15C-E03D-49AE-8693-B46F6656EDC9}"
EndProject
Global
	GlobalSection(SolutionConfigurationPlatforms) = preSolution
		Debug|Any CPU = Debug|Any CPU
		Release|Any CPU = Release|Any CPU
	EndGlobalSection
	GlobalSection(ProjectConfigurationPlatforms) = postSolution
		{3E54A15C-E03D-49AE-8693-B46F6656EDC9}.Debug|Any CPU.ActiveCfg = Debug|Any CPU
		{3E54A15C-E03D-49AE-8693-B46F6656EDC9}.Debug|Any CPU.Build.0 = Debug|Any CPU
		{3E54A15C-E03D-49AE-8693-B46F6656EDC9}.Release|Any CPU.ActiveCfg = Release|Any CPU
		{3E54A15C-E03D-49AE-8693-B46F6656EDC9}.Release|Any CPU.Build.0 = Release|Any CPU
	EndGlobalSection
	GlobalSection(SolutionProperties) = preSolution
		HideSolutionNode = FALSE
	EndGlobalSection
	GlobalSection(ExtensibilityGlobals) = postSolution
		SolutionGuid = {59C3A521-2900-489F-BD9B-A6602D243D67}
	EndGlobalSection
EndGlobal
